
Microsoft Visual Studio Solution File, Format Version 12.00
# Visual Studio Version 16
VisualStudioVersion = 16.0.31624.102
MinimumVisualStudioVersion = 10.0.40219.1
Project("{FAE04EC0-301F-11D3-BF4B-00C04F79EFBC}") = "DrinksSystem", "DrinksSystem.csproj", "{A980B079-BEC9-447B-9328-3E70DD26833F}"
EndProject
Global
	GlobalSection(SolutionConfigurationPlatforms) = preSolution
		Debug|Any CPU = Debug|Any CPU
		Release|Any CPU = Release|Any CPU
	EndGlobalSection
	GlobalSection(ProjectConfigurationPlatforms) = postSolution
		{A980B079-BEC9-447B-9328-3E70DD26833F}.Debug|Any CPU.ActiveCfg = Debug|Any CPU
		{A980B079-BEC9-447B-9328-3E70DD26833F}.Debug|Any CPU.Build.0 = Debug|Any CPU
		{A980B079-BEC9-447B-9328-3E70DD26833F}.Release|Any CPU.ActiveCfg = Release|Any CPU
		{A980B079-BEC9-447B-9328-3E70DD26833F}.Release|Any CPU.Build.0 = Release|Any CPU
	EndGlobalSection
	GlobalSection(SolutionProperties) = preSolution
		HideSolutionNode = FALSE
	EndGlobalSection
	GlobalSection(ExtensibilityGlobals) = postSolution
		SolutionGuid = {04C8527A-0DA5-48A0-B60C-3B75AF25E91A}
	EndGlobalSection
EndGlobal
